
Microsoft Visual Studio Solution File, Format Version 12.00
# Visual Studio Version 16
VisualStudioVersion = 16.0.29505.145
MinimumVisualStudioVersion = 10.0.40219.1
Project("{00D1A9C2-B5F0-4AF3-8072-F6C62B433612}") = "DB_Automation_SeritiDevelopmentV23", "DB_Automation_SeritiDevelopmentV23\DB_Automation_SeritiDevelopmentV23.sqlproj", "{B421948A-AFB6-46CF-892B-B843CBB7653B}"
EndProject
Global
	GlobalSection(SolutionConfigurationPlatforms) = preSolution
		Debug|Any CPU = Debug|Any CPU
		Release|Any CPU = Release|Any CPU
	EndGlobalSection
	GlobalSection(ProjectConfigurationPlatforms) = postSolution
		{B421948A-AFB6-46CF-892B-B843CBB7653B}.Debug|Any CPU.ActiveCfg = Debug|Any CPU
		{B421948A-AFB6-46CF-892B-B843CBB7653B}.Debug|Any CPU.Build.0 = Debug|Any CPU
		{B421948A-AFB6-46CF-892B-B843CBB7653B}.Debug|Any CPU.Deploy.0 = Debug|Any CPU
		{B421948A-AFB6-46CF-892B-B843CBB7653B}.Release|Any CPU.ActiveCfg = Release|Any CPU
		{B421948A-AFB6-46CF-892B-B843CBB7653B}.Release|Any CPU.Build.0 = Release|Any CPU
		{B421948A-AFB6-46CF-892B-B843CBB7653B}.Release|Any CPU.Deploy.0 = Release|Any CPU
	EndGlobalSection
	GlobalSection(SolutionProperties) = preSolution
		HideSolutionNode = FALSE
	EndGlobalSection
	GlobalSection(ExtensibilityGlobals) = postSolution
		SolutionGuid = {89208B4E-1D76-4D75-B68A-71A60EE5554E}
	EndGlobalSection
EndGlobal
